
Microsoft Visual Studio Solution File, Format Version 12.00
# Visual Studio Version 17
VisualStudioVersion = 17.8.34330.188
MinimumVisualStudioVersion = 10.0.40219.1
Project("{9A19103F-16F7-4668-BE54-9A1E7A4F7556}") = "InterviewTask1", "InterviewTasks\InterviewTask1.csproj", "{225D0CFD-D348-4D20-9294-F2F8CBCA86D6}"
EndProject
Project("{9A19103F-16F7-4668-BE54-9A1E7A4F7556}") = "Common", "Common\Common.csproj", "{6563F22C-373A-4A0F-8D46-1C6F686B245F}"
EndProject
Project("{9A19103F-16F7-4668-BE54-9A1E7A4F7556}") = "InterviewTask2", "InterviewTask2\InterviewTask2.csproj", "{60E1BDB6-7681-48A1-88EF-F4A55860B2E7}"
EndProject
Project("{9A19103F-16F7-4668-BE54-9A1E7A4F7556}") = "InterviewTask3", "InterviewTask3\InterviewTask3.csproj", "{83234B64-261F-4BE6-9E52-F7C5928233A1}"
EndProject
Project("{54A90642-561A-4BB1-A94E-469ADEE60C69}") = "interviewtask4client", "InterviewTask4Client\interviewtask4client.esproj", "{39D20353-D7F1-49F6-9F94-0A30C9BE5077}"
EndProject
Project("{FAE04EC0-301F-11D3-BF4B-00C04F79EFBC}") = "InterviewTask4Server", "InterviewTask4Server\InterviewTask4Server.csproj", "{35D4E369-1299-463D-964E-1D168DD707E4}"
EndProject
Project("{2150E333-8FDC-42A3-9474-1A3956D46DE8}") = "Solution Items", "Solution Items", "{EF44EEF9-2341-4C9F-B5F6-5FC69CD52E71}"
	ProjectSection(SolutionItems) = preProject
		..\..\Tonsberg\README.md = ..\..\Tonsberg\README.md
	EndProjectSection
EndProject
Global
	GlobalSection(SolutionConfigurationPlatforms) = preSolution
		Debug|Any CPU = Debug|Any CPU
		Release|Any CPU = Release|Any CPU
	EndGlobalSection
	GlobalSection(ProjectConfigurationPlatforms) = postSolution
		{225D0CFD-D348-4D20-9294-F2F8CBCA86D6}.Debug|Any CPU.ActiveCfg = Debug|Any CPU
		{225D0CFD-D348-4D20-9294-F2F8CBCA86D6}.Debug|Any CPU.Build.0 = Debug|Any CPU
		{225D0CFD-D348-4D20-9294-F2F8CBCA86D6}.Release|Any CPU.ActiveCfg = Release|Any CPU
		{225D0CFD-D348-4D20-9294-F2F8CBCA86D6}.Release|Any CPU.Build.0 = Release|Any CPU
		{6563F22C-373A-4A0F-8D46-1C6F686B245F}.Debug|Any CPU.ActiveCfg = Debug|Any CPU
		{6563F22C-373A-4A0F-8D46-1C6F686B245F}.Debug|Any CPU.Build.0 = Debug|Any CPU
		{6563F22C-373A-4A0F-8D46-1C6F686B245F}.Release|Any CPU.ActiveCfg = Release|Any CPU
		{6563F22C-373A-4A0F-8D46-1C6F686B245F}.Release|Any CPU.Build.0 = Release|Any CPU
		{60E1BDB6-7681-48A1-88EF-F4A55860B2E7}.Debug|Any CPU.ActiveCfg = Debug|Any CPU
		{60E1BDB6-7681-48A1-88EF-F4A55860B2E7}.Debug|Any CPU.Build.0 = Debug|Any CPU
		{60E1BDB6-7681-48A1-88EF-F4A55860B2E7}.Release|Any CPU.ActiveCfg = Release|Any CPU
		{60E1BDB6-7681-48A1-88EF-F4A55860B2E7}.Release|Any CPU.Build.0 = Release|Any CPU
		{83234B64-261F-4BE6-9E52-F7C5928233A1}.Debug|Any CPU.ActiveCfg = Debug|Any CPU
		{83234B64-261F-4BE6-9E52-F7C5928233A1}.Debug|Any CPU.Build.0 = Debug|Any CPU
		{83234B64-261F-4BE6-9E52-F7C5928233A1}.Release|Any CPU.ActiveCfg = Release|Any CPU
		{83234B64-261F-4BE6-9E52-F7C5928233A1}.Release|Any CPU.Build.0 = Release|Any CPU
		{39D20353-D7F1-49F6-9F94-0A30C9BE5077}.Debug|Any CPU.ActiveCfg = Debug|Any CPU
		{39D20353-D7F1-49F6-9F94-0A30C9BE5077}.Debug|Any CPU.Build.0 = Debug|Any CPU
		{39D20353-D7F1-49F6-9F94-0A30C9BE5077}.Debug|Any CPU.Deploy.0 = Debug|Any CPU
		{39D20353-D7F1-49F6-9F94-0A30C9BE5077}.Release|Any CPU.ActiveCfg = Release|Any CPU
		{39D20353-D7F1-49F6-9F94-0A30C9BE5077}.Release|Any CPU.Build.0 = Release|Any CPU
		{39D20353-D7F1-49F6-9F94-0A30C9BE5077}.Release|Any CPU.Deploy.0 = Release|Any CPU
		{35D4E369-1299-463D-964E-1D168DD707E4}.Debug|Any CPU.ActiveCfg = Debug|Any CPU
		{35D4E369-1299-463D-964E-1D168DD707E4}.Debug|Any CPU.Build.0 = Debug|Any CPU
		{35D4E369-1299-463D-964E-1D168DD707E4}.Release|Any CPU.ActiveCfg = Release|Any CPU
		{35D4E369-1299-463D-964E-1D168DD707E4}.Release|Any CPU.Build.0 = Release|Any CPU
	EndGlobalSection
	GlobalSection(SolutionProperties) = preSolution
		HideSolutionNode = FALSE
	EndGlobalSection
	GlobalSection(ExtensibilityGlobals) = postSolution
		SolutionGuid = {FC62A870-EC62-42E1-9217-A602985B37AF}
	EndGlobalSection
EndGlobal
